// !$*UTF8*$!
{
	archiveVersion = 1;
	classes = {
	};
	objectVersion = 56;
	objects = {

/* Begin PBXBuildFile section */
		0427F1622A1DE0A50025F39C /* ListViewController.swift in Sources */ = {isa = PBXBuildFile; fileRef = 0427F1612A1DE0A50025F39C /* ListViewController.swift */; };
		0427F1642A1DE86C0025F39C /* CustomUINavigationBar.swift in Sources */ = {isa = PBXBuildFile; fileRef = 0427F1632A1DE86C0025F39C /* CustomUINavigationBar.swift */; };
		0427F1692A1DEE8F0025F39C /* TableViewCell.swift in Sources */ = {isa = PBXBuildFile; fileRef = 0427F1672A1DEE8F0025F39C /* TableViewCell.swift */; };
		0427F16A2A1DEE8F0025F39C /* TableViewCell.xib in Resources */ = {isa = PBXBuildFile; fileRef = 0427F1682A1DEE8F0025F39C /* TableViewCell.xib */; };
		046E44EB2A1CACFB007B323A /* AppDelegate.swift in Sources */ = {isa = PBXBuildFile; fileRef = 046E44EA2A1CACFB007B323A /* AppDelegate.swift */; };
		046E44ED2A1CACFB007B323A /* SceneDelegate.swift in Sources */ = {isa = PBXBuildFile; fileRef = 046E44EC2A1CACFB007B323A /* SceneDelegate.swift */; };
		046E44F22A1CACFB007B323A /* Main.storyboard in Resources */ = {isa = PBXBuildFile; fileRef = 046E44F02A1CACFB007B323A /* Main.storyboard */; };
		046E44F42A1CACFD007B323A /* Assets.xcassets in Resources */ = {isa = PBXBuildFile; fileRef = 046E44F32A1CACFD007B323A /* Assets.xcassets */; };
		046E44F72A1CACFD007B323A /* LaunchScreen.storyboard in Resources */ = {isa = PBXBuildFile; fileRef = 046E44F52A1CACFD007B323A /* LaunchScreen.storyboard */; };
		049DEB602A1F40D10062CEC9 /* InputViewController.swift in Sources */ = {isa = PBXBuildFile; fileRef = 049DEB5F2A1F40D10062CEC9 /* InputViewController.swift */; };
		049DEB622A22F2540062CEC9 /* ViewController.swift in Sources */ = {isa = PBXBuildFile; fileRef = 049DEB612A22F2540062CEC9 /* ViewController.swift */; };
		049DEB642A22F8390062CEC9 /* Element.swift in Sources */ = {isa = PBXBuildFile; fileRef = 049DEB632A22F8390062CEC9 /* Element.swift */; };
		049DEB672A2356180062CEC9 /* Realm in Frameworks */ = {isa = PBXBuildFile; productRef = 049DEB662A2356180062CEC9 /* Realm */; };
		049DEB692A2356180062CEC9 /* RealmSwift in Frameworks */ = {isa = PBXBuildFile; productRef = 049DEB682A2356180062CEC9 /* RealmSwift */; };
		049DEB6F2A25DBBC0062CEC9 /* AnimationViewController.swift in Sources */ = {isa = PBXBuildFile; fileRef = 049DEB6E2A25DBBC0062CEC9 /* AnimationViewController.swift */; };
		0519F0B33B1707767CF6BDEE /* Pods_HappyMoney.framework in Frameworks */ = {isa = PBXBuildFile; fileRef = E496F1EDA2CAFD7823B898D3 /* Pods_HappyMoney.framework */; };
/* End PBXBuildFile section */

/* Begin PBXFileReference section */
		041597412A35B39900A515E4 /* ja */ = {isa = PBXFileReference; lastKnownFileType = text.plist.strings; name = ja; path = ja.lproj/Main.strings; sourceTree = "<group>"; };
		041597422A35B39900A515E4 /* ja */ = {isa = PBXFileReference; lastKnownFileType = text.plist.strings; name = ja; path = ja.lproj/LaunchScreen.strings; sourceTree = "<group>"; };
		0427F1612A1DE0A50025F39C /* ListViewController.swift */ = {isa = PBXFileReference; lastKnownFileType = sourcecode.swift; path = ListViewController.swift; sourceTree = "<group>"; };
		0427F1632A1DE86C0025F39C /* CustomUINavigationBar.swift */ = {isa = PBXFileReference; lastKnownFileType = sourcecode.swift; path = CustomUINavigationBar.swift; sourceTree = "<group>"; };
		0427F1672A1DEE8F0025F39C /* TableViewCell.swift */ = {isa = PBXFileReference; lastKnownFileType = sourcecode.swift; path = TableViewCell.swift; sourceTree = "<group>"; };
		0427F1682A1DEE8F0025F39C /* TableViewCell.xib */ = {isa = PBXFileReference; lastKnownFileType = file.xib; path = TableViewCell.xib; sourceTree = "<group>"; };
		046E44E72A1CACFB007B323A /* HappyMoney.app */ = {isa = PBXFileReference; explicitFileType = wrapper.application; includeInIndex = 0; path = HappyMoney.app; sourceTree = BUILT_PRODUCTS_DIR; };
		046E44EA2A1CACFB007B323A /* AppDelegate.swift */ = {isa = PBXFileReference; lastKnownFileType = sourcecode.swift; path = AppDelegate.swift; sourceTree = "<group>"; };
		046E44EC2A1CACFB007B323A /* SceneDelegate.swift */ = {isa = PBXFileReference; lastKnownFileType = sourcecode.swift; path = SceneDelegate.swift; sourceTree = "<group>"; };
		046E44F12A1CACFB007B323A /* Base */ = {isa = PBXFileReference; lastKnownFileType = file.storyboard; name = Base; path = Base.lproj/Main.storyboard; sourceTree = "<group>"; };
		046E44F32A1CACFD007B323A /* Assets.xcassets */ = {isa = PBXFileReference; lastKnownFileType = folder.assetcatalog; path = Assets.xcassets; sourceTree = "<group>"; };
		046E44F62A1CACFD007B323A /* Base */ = {isa = PBXFileReference; lastKnownFileType = file.storyboard; name = Base; path = Base.lproj/LaunchScreen.storyboard; sourceTree = "<group>"; };
		046E44F82A1CACFD007B323A /* Info.plist */ = {isa = PBXFileReference; lastKnownFileType = text.plist.xml; path = Info.plist; sourceTree = "<group>"; };
		049DEB5F2A1F40D10062CEC9 /* InputViewController.swift */ = {isa = PBXFileReference; lastKnownFileType = sourcecode.swift; path = InputViewController.swift; sourceTree = "<group>"; };
		049DEB612A22F2540062CEC9 /* ViewController.swift */ = {isa = PBXFileReference; fileEncoding = 4; lastKnownFileType = sourcecode.swift; path = ViewController.swift; sourceTree = "<group>"; };
		049DEB632A22F8390062CEC9 /* Element.swift */ = {isa = PBXFileReference; lastKnownFileType = sourcecode.swift; path = Element.swift; sourceTree = "<group>"; };
		049DEB6E2A25DBBC0062CEC9 /* AnimationViewController.swift */ = {isa = PBXFileReference; lastKnownFileType = sourcecode.swift; path = AnimationViewController.swift; sourceTree = "<group>"; };
		1EEF634A843BBC8010E598EE /* Pods-HappyMoney.debug.xcconfig */ = {isa = PBXFileReference; includeInIndex = 1; lastKnownFileType = text.xcconfig; name = "Pods-HappyMoney.debug.xcconfig"; path = "Target Support Files/Pods-HappyMoney/Pods-HappyMoney.debug.xcconfig"; sourceTree = "<group>"; };
		DFBE99B858F93BD51DCDF1FC /* Pods-HappyMoney.release.xcconfig */ = {isa = PBXFileReference; includeInIndex = 1; lastKnownFileType = text.xcconfig; name = "Pods-HappyMoney.release.xcconfig"; path = "Target Support Files/Pods-HappyMoney/Pods-HappyMoney.release.xcconfig"; sourceTree = "<group>"; };
		E496F1EDA2CAFD7823B898D3 /* Pods_HappyMoney.framework */ = {isa = PBXFileReference; explicitFileType = wrapper.framework; includeInIndex = 0; path = Pods_HappyMoney.framework; sourceTree = BUILT_PRODUCTS_DIR; };
/* End PBXFileReference section */

/* Begin PBXFrameworksBuildPhase section */
		046E44E42A1CACFB007B323A /* Frameworks */ = {
			isa = PBXFrameworksBuildPhase;
			buildActionMask = 2147483647;
			files = (
				049DEB692A2356180062CEC9 /* RealmSwift in Frameworks */,
				049DEB672A2356180062CEC9 /* Realm in Frameworks */,
				0519F0B33B1707767CF6BDEE /* Pods_HappyMoney.framework in Frameworks */,
			);
			runOnlyForDeploymentPostprocessing = 0;
		};
/* End PBXFrameworksBuildPhase section */

/* Begin PBXGroup section */
		046E44DE2A1CACFB007B323A = {
			isa = PBXGroup;
			children = (
				046E44E92A1CACFB007B323A /* HappyMoney */,
				046E44E82A1CACFB007B323A /* Products */,
				9D24EFEE8F0F92B5D57DB637 /* Pods */,
				6A85E6F5F02183A2EA79B93F /* Frameworks */,
			);
			sourceTree = "<group>";
		};
		046E44E82A1CACFB007B323A /* Products */ = {
			isa = PBXGroup;
			children = (
				046E44E72A1CACFB007B323A /* HappyMoney.app */,
			);
			name = Products;
			sourceTree = "<group>";
		};
		046E44E92A1CACFB007B323A /* HappyMoney */ = {
			isa = PBXGroup;
			children = (
				046E44EA2A1CACFB007B323A /* AppDelegate.swift */,
				0427F1612A1DE0A50025F39C /* ListViewController.swift */,
				046E44EC2A1CACFB007B323A /* SceneDelegate.swift */,
				046E44F02A1CACFB007B323A /* Main.storyboard */,
				0427F1672A1DEE8F0025F39C /* TableViewCell.swift */,
				0427F1682A1DEE8F0025F39C /* TableViewCell.xib */,
				0427F1632A1DE86C0025F39C /* CustomUINavigationBar.swift */,
				046E44F32A1CACFD007B323A /* Assets.xcassets */,
				046E44F52A1CACFD007B323A /* LaunchScreen.storyboard */,
				046E44F82A1CACFD007B323A /* Info.plist */,
				049DEB5F2A1F40D10062CEC9 /* InputViewController.swift */,
				049DEB612A22F2540062CEC9 /* ViewController.swift */,
				049DEB632A22F8390062CEC9 /* Element.swift */,
				049DEB6E2A25DBBC0062CEC9 /* AnimationViewController.swift */,
			);
			path = HappyMoney;
			sourceTree = "<group>";
		};
		6A85E6F5F02183A2EA79B93F /* Frameworks */ = {
			isa = PBXGroup;
			children = (
				E496F1EDA2CAFD7823B898D3 /* Pods_HappyMoney.framework */,
			);
			name = Frameworks;
			sourceTree = "<group>";
		};
		9D24EFEE8F0F92B5D57DB637 /* Pods */ = {
			isa = PBXGroup;
			children = (
				1EEF634A843BBC8010E598EE /* Pods-HappyMoney.debug.xcconfig */,
				DFBE99B858F93BD51DCDF1FC /* Pods-HappyMoney.release.xcconfig */,
			);
			path = Pods;
			sourceTree = "<group>";
		};
/* End PBXGroup section */

/* Begin PBXNativeTarget section */
		046E44E62A1CACFB007B323A /* HappyMoney */ = {
			isa = PBXNativeTarget;
			buildConfigurationList = 046E44FB2A1CACFD007B323A /* Build configuration list for PBXNativeTarget "HappyMoney" */;
			buildPhases = (
				FC8674F69733A62C708014D1 /* [CP] Check Pods Manifest.lock */,
				046E44E32A1CACFB007B323A /* Sources */,
				046E44E42A1CACFB007B323A /* Frameworks */,
				046E44E52A1CACFB007B323A /* Resources */,
				50D934E7E6570DF8BE330DD5 /* [CP] Embed Pods Frameworks */,
			);
			buildRules = (
			);
			dependencies = (
			);
			name = HappyMoney;
			packageProductDependencies = (
				049DEB662A2356180062CEC9 /* Realm */,
				049DEB682A2356180062CEC9 /* RealmSwift */,
			);
			productName = HappyMoney;
			productReference = 046E44E72A1CACFB007B323A /* HappyMoney.app */;
			productType = "com.apple.product-type.application";
		};
/* End PBXNativeTarget section */

/* Begin PBXProject section */
		046E44DF2A1CACFB007B323A /* Project object */ = {
			isa = PBXProject;
			attributes = {
				BuildIndependentTargetsInParallel = 1;
				LastSwiftUpdateCheck = 1430;
				LastUpgradeCheck = 1430;
				TargetAttributes = {
					046E44E62A1CACFB007B323A = {
						CreatedOnToolsVersion = 14.3;
					};
				};
			};
			buildConfigurationList = 046E44E22A1CACFB007B323A /* Build configuration list for PBXProject "HappyMoney" */;
			compatibilityVersion = "Xcode 14.0";
			developmentRegion = ja;
			hasScannedForEncodings = 0;
			knownRegions = (
				en,
				Base,
				ja,
			);
			mainGroup = 046E44DE2A1CACFB007B323A;
			packageReferences = (
				049DEB652A2356180062CEC9 /* XCRemoteSwiftPackageReference "realm-swift" */,
			);
			productRefGroup = 046E44E82A1CACFB007B323A /* Products */;
			projectDirPath = "";
			projectRoot = "";
			targets = (
				046E44E62A1CACFB007B323A /* HappyMoney */,
			);
		};
/* End PBXProject section */

/* Begin PBXResourcesBuildPhase section */
		046E44E52A1CACFB007B323A /* Resources */ = {
			isa = PBXResourcesBuildPhase;
			buildActionMask = 2147483647;
			files = (
				046E44F72A1CACFD007B323A /* LaunchScreen.storyboard in Resources */,
				0427F16A2A1DEE8F0025F39C /* TableViewCell.xib in Resources */,
				046E44F42A1CACFD007B323A /* Assets.xcassets in Resources */,
				046E44F22A1CACFB007B323A /* Main.storyboard in Resources */,
			);
			runOnlyForDeploymentPostprocessing = 0;
		};
/* End PBXResourcesBuildPhase section */

/* Begin PBXShellScriptBuildPhase section */
		50D934E7E6570DF8BE330DD5 /* [CP] Embed Pods Frameworks */ = {
			isa = PBXShellScriptBuildPhase;
			buildActionMask = 2147483647;
			files = (
			);
			inputFileListPaths = (
				"${PODS_ROOT}/Target Support Files/Pods-HappyMoney/Pods-HappyMoney-frameworks-${CONFIGURATION}-input-files.xcfilelist",
			);
			name = "[CP] Embed Pods Frameworks";
			outputFileListPaths = (
				"${PODS_ROOT}/Target Support Files/Pods-HappyMoney/Pods-HappyMoney-frameworks-${CONFIGURATION}-output-files.xcfilelist",
			);
			runOnlyForDeploymentPostprocessing = 0;
			shellPath = /bin/sh;
			shellScript = "\"${PODS_ROOT}/Target Support Files/Pods-HappyMoney/Pods-HappyMoney-frameworks.sh\"\n";
			showEnvVarsInLog = 0;
		};
		FC8674F69733A62C708014D1 /* [CP] Check Pods Manifest.lock */ = {
			isa = PBXShellScriptBuildPhase;
			buildActionMask = 2147483647;
			files = (
			);
			inputFileListPaths = (
			);
			inputPaths = (
				"${PODS_PODFILE_DIR_PATH}/Podfile.lock",
				"${PODS_ROOT}/Manifest.lock",
			);
			name = "[CP] Check Pods Manifest.lock";
			outputFileListPaths = (
			);
			outputPaths = (
				"$(DERIVED_FILE_DIR)/Pods-HappyMoney-checkManifestLockResult.txt",
			);
			runOnlyForDeploymentPostprocessing = 0;
			shellPath = /bin/sh;
			shellScript = "diff \"${PODS_PODFILE_DIR_PATH}/Podfile.lock\" \"${PODS_ROOT}/Manifest.lock\" > /dev/null\nif [ $? != 0 ] ; then\n    # print error to STDERR\n    echo \"error: The sandbox is not in sync with the Podfile.lock. Run 'pod install' or update your CocoaPods installation.\" >&2\n    exit 1\nfi\n# This output is used by Xcode 'outputs' to avoid re-running this script phase.\necho \"SUCCESS\" > \"${SCRIPT_OUTPUT_FILE_0}\"\n";
			showEnvVarsInLog = 0;
		};
/* End PBXShellScriptBuildPhase section */

/* Begin PBXSourcesBuildPhase section */
		046E44E32A1CACFB007B323A /* Sources */ = {
			isa = PBXSourcesBuildPhase;
			buildActionMask = 2147483647;
			files = (
				0427F1642A1DE86C0025F39C /* CustomUINavigationBar.swift in Sources */,
				046E44EB2A1CACFB007B323A /* AppDelegate.swift in Sources */,
				049DEB642A22F8390062CEC9 /* Element.swift in Sources */,
				049DEB602A1F40D10062CEC9 /* InputViewController.swift in Sources */,
				0427F1692A1DEE8F0025F39C /* TableViewCell.swift in Sources */,
				049DEB622A22F2540062CEC9 /* ViewController.swift in Sources */,
				049DEB6F2A25DBBC0062CEC9 /* AnimationViewController.swift in Sources */,
				0427F1622A1DE0A50025F39C /* ListViewController.swift in Sources */,
				046E44ED2A1CACFB007B323A /* SceneDelegate.swift in Sources */,
			);
			runOnlyForDeploymentPostprocessing = 0;
		};
/* End PBXSourcesBuildPhase section */

/* Begin PBXVariantGroup section */
		046E44F02A1CACFB007B323A /* Main.storyboard */ = {
			isa = PBXVariantGroup;
			children = (
				046E44F12A1CACFB007B323A /* Base */,
				041597412A35B39900A515E4 /* ja */,
			);
			name = Main.storyboard;
			sourceTree = "<group>";
		};
		046E44F52A1CACFD007B323A /* LaunchScreen.storyboard */ = {
			isa = PBXVariantGroup;
			children = (
				046E44F62A1CACFD007B323A /* Base */,
				041597422A35B39900A515E4 /* ja */,
			);
			name = LaunchScreen.storyboard;
			sourceTree = "<group>";
		};
/* End PBXVariantGroup section */

/* Begin XCBuildConfiguration section */
		046E44F92A1CACFD007B323A /* Debug */ = {
			isa = XCBuildConfiguration;
			buildSettings = {
				ALWAYS_SEARCH_USER_PATHS = NO;
				CLANG_ANALYZER_LOCALIZABILITY_NONLOCALIZED = YES;
				CLANG_ANALYZER_NONNULL = YES;
				CLANG_ANALYZER_NUMBER_OBJECT_CONVERSION = YES_AGGRESSIVE;
				CLANG_CXX_LANGUAGE_STANDARD = "gnu++20";
				CLANG_ENABLE_MODULES = YES;
				CLANG_ENABLE_OBJC_ARC = YES;
				CLANG_ENABLE_OBJC_WEAK = YES;
				CLANG_WARN_BLOCK_CAPTURE_AUTORELEASING = YES;
				CLANG_WARN_BOOL_CONVERSION = YES;
				CLANG_WARN_COMMA = YES;
				CLANG_WARN_CONSTANT_CONVERSION = YES;
				CLANG_WARN_DEPRECATED_OBJC_IMPLEMENTATIONS = YES;
				CLANG_WARN_DIRECT_OBJC_ISA_USAGE = YES_ERROR;
				CLANG_WARN_DOCUMENTATION_COMMENTS = YES;
				CLANG_WARN_EMPTY_BODY = YES;
				CLANG_WARN_ENUM_CONVERSION = YES;
				CLANG_WARN_INFINITE_RECURSION = YES;
				CLANG_WARN_INT_CONVERSION = YES;
				CLANG_WARN_NON_LITERAL_NULL_CONVERSION = YES;
				CLANG_WARN_OBJC_IMPLICIT_RETAIN_SELF = YES;
				CLANG_WARN_OBJC_LITERAL_CONVERSION = YES;
				CLANG_WARN_OBJC_ROOT_CLASS = YES_ERROR;
				CLANG_WARN_QUOTED_INCLUDE_IN_FRAMEWORK_HEADER = YES;
				CLANG_WARN_RANGE_LOOP_ANALYSIS = YES;
				CLANG_WARN_STRICT_PROTOTYPES = YES;
				CLANG_WARN_SUSPICIOUS_MOVE = YES;
				CLANG_WARN_UNGUARDED_AVAILABILITY = YES_AGGRESSIVE;
				CLANG_WARN_UNREACHABLE_CODE = YES;
				CLANG_WARN__DUPLICATE_METHOD_MATCH = YES;
				COPY_PHASE_STRIP = NO;
				DEBUG_INFORMATION_FORMAT = dwarf;
				ENABLE_STRICT_OBJC_MSGSEND = YES;
				ENABLE_TESTABILITY = YES;
				GCC_C_LANGUAGE_STANDARD = gnu11;
				GCC_DYNAMIC_NO_PIC = NO;
				GCC_NO_COMMON_BLOCKS = YES;
				GCC_OPTIMIZATION_LEVEL = 0;
				GCC_PREPROCESSOR_DEFINITIONS = (
					"DEBUG=1",
					"$(inherited)",
				);
				GCC_WARN_64_TO_32_BIT_CONVERSION = YES;
				GCC_WARN_ABOUT_RETURN_TYPE = YES_ERROR;
				GCC_WARN_UNDECLARED_SELECTOR = YES;
				GCC_WARN_UNINITIALIZED_AUTOS = YES_AGGRESSIVE;
				GCC_WARN_UNUSED_FUNCTION = YES;
				GCC_WARN_UNUSED_VARIABLE = YES;
				IPHONEOS_DEPLOYMENT_TARGET = 15.0;
				MTL_ENABLE_DEBUG_INFO = INCLUDE_SOURCE;
				MTL_FAST_MATH = YES;
				ONLY_ACTIVE_ARCH = YES;
				SDKROOT = iphoneos;
				SWIFT_ACTIVE_COMPILATION_CONDITIONS = DEBUG;
				SWIFT_OPTIMIZATION_LEVEL = "-Onone";
			};
			name = Debug;
		};
		046E44FA2A1CACFD007B323A /* Release */ = {
			isa = XCBuildConfiguration;
			buildSettings = {
				ALWAYS_SEARCH_USER_PATHS = NO;
				CLANG_ANALYZER_LOCALIZABILITY_NONLOCALIZED = YES;
				CLANG_ANALYZER_NONNULL = YES;
				CLANG_ANALYZER_NUMBER_OBJECT_CONVERSION = YES_AGGRESSIVE;
				CLANG_CXX_LANGUAGE_STANDARD = "gnu++20";
				CLANG_ENABLE_MODULES = YES;
				CLANG_ENABLE_OBJC_ARC = YES;
				CLANG_ENABLE_OBJC_WEAK = YES;
				CLANG_WARN_BLOCK_CAPTURE_AUTORELEASING = YES;
				CLANG_WARN_BOOL_CONVERSION = YES;
				CLANG_WARN_COMMA = YES;
				CLANG_WARN_CONSTANT_CONVERSION = YES;
				CLANG_WARN_DEPRECATED_OBJC_IMPLEMENTATIONS = YES;
				CLANG_WARN_DIRECT_OBJC_ISA_USAGE = YES_ERROR;
				CLANG_WARN_DOCUMENTATION_COMMENTS = YES;
				CLANG_WARN_EMPTY_BODY = YES;
				CLANG_WARN_ENUM_CONVERSION = YES;
				CLANG_WARN_INFINITE_RECURSION = YES;
				CLANG_WARN_INT_CONVERSION = YES;
				CLANG_WARN_NON_LITERAL_NULL_CONVERSION = YES;
				CLANG_WARN_OBJC_IMPLICIT_RETAIN_SELF = YES;
				CLANG_WARN_OBJC_LITERAL_CONVERSION = YES;
				CLANG_WARN_OBJC_ROOT_CLASS = YES_ERROR;
				CLANG_WARN_QUOTED_INCLUDE_IN_FRAMEWORK_HEADER = YES;
				CLANG_WARN_RANGE_LOOP_ANALYSIS = YES;
				CLANG_WARN_STRICT_PROTOTYPES = YES;
				CLANG_WARN_SUSPICIOUS_MOVE = YES;
				CLANG_WARN_UNGUARDED_AVAILABILITY = YES_AGGRESSIVE;
				CLANG_WARN_UNREACHABLE_CODE = YES;
				CLANG_WARN__DUPLICATE_METHOD_MATCH = YES;
				COPY_PHASE_STRIP = NO;
				DEBUG_INFORMATION_FORMAT = "dwarf-with-dsym";
				ENABLE_NS_ASSERTIONS = NO;
				ENABLE_STRICT_OBJC_MSGSEND = YES;
				GCC_C_LANGUAGE_STANDARD = gnu11;
				GCC_NO_COMMON_BLOCKS = YES;
				GCC_WARN_64_TO_32_BIT_CONVERSION = YES;
				GCC_WARN_ABOUT_RETURN_TYPE = YES_ERROR;
				GCC_WARN_UNDECLARED_SELECTOR = YES;
				GCC_WARN_UNINITIALIZED_AUTOS = YES_AGGRESSIVE;
				GCC_WARN_UNUSED_FUNCTION = YES;
				GCC_WARN_UNUSED_VARIABLE = YES;
				IPHONEOS_DEPLOYMENT_TARGET = 15.0;
				MTL_ENABLE_DEBUG_INFO = NO;
				MTL_FAST_MATH = YES;
				SDKROOT = iphoneos;
				SWIFT_COMPILATION_MODE = wholemodule;
				SWIFT_OPTIMIZATION_LEVEL = "-O";
				VALIDATE_PRODUCT = YES;
			};
			name = Release;
		};
		046E44FC2A1CACFD007B323A /* Debug */ = {
			isa = XCBuildConfiguration;
			baseConfigurationReference = 1EEF634A843BBC8010E598EE /* Pods-HappyMoney.debug.xcconfig */;
			buildSettings = {
				ASSETCATALOG_COMPILER_APPICON_NAME = AppIcon;
				ASSETCATALOG_COMPILER_GLOBAL_ACCENT_COLOR_NAME = AccentColor;
				CODE_SIGN_IDENTITY = "Apple Development";
				"CODE_SIGN_IDENTITY[sdk=iphoneos*]" = "iPhone Developer";
				CODE_SIGN_STYLE = Manual;
				CURRENT_PROJECT_VERSION = 2;
				DEVELOPMENT_TEAM = "";
				"DEVELOPMENT_TEAM[sdk=iphoneos*]" = 2K446D59RQ;
				GENERATE_INFOPLIST_FILE = YES;
				INFOPLIST_FILE = HappyMoney/Info.plist;
				INFOPLIST_KEY_CFBundleDisplayName = "楽しい家計簿";
				INFOPLIST_KEY_LSApplicationCategoryType = "public.app-category.finance";
				INFOPLIST_KEY_UIApplicationSupportsIndirectInputEvents = YES;
				INFOPLIST_KEY_UILaunchStoryboardName = LaunchScreen;
				INFOPLIST_KEY_UIMainStoryboardFile = Main;
				INFOPLIST_KEY_UIStatusBarStyle = "";
				INFOPLIST_KEY_UISupportedInterfaceOrientations_iPad = "UIInterfaceOrientationPortrait UIInterfaceOrientationPortraitUpsideDown UIInterfaceOrientationLandscapeLeft UIInterfaceOrientationLandscapeRight";
				INFOPLIST_KEY_UISupportedInterfaceOrientations_iPhone = "UIInterfaceOrientationPortrait UIInterfaceOrientationLandscapeLeft UIInterfaceOrientationLandscapeRight";
				INFOPLIST_KEY_UIUserInterfaceStyle = Light;
				IPHONEOS_DEPLOYMENT_TARGET = 15.0;
				LD_RUNPATH_SEARCH_PATHS = (
					"$(inherited)",
					"@executable_path/Frameworks",
				);
				MARKETING_VERSION = 1.1;
				PRODUCT_BUNDLE_IDENTIFIER = app.fujii.maccha.HappyMoney;
				PRODUCT_NAME = "$(TARGET_NAME)";
				PROVISIONING_PROFILE_SPECIFIER = "";
				"PROVISIONING_PROFILE_SPECIFIER[sdk=iphoneos*]" = "L15-Fujii-Develop";
				SWIFT_EMIT_LOC_STRINGS = YES;
				SWIFT_VERSION = 5.0;
				TARGETED_DEVICE_FAMILY = "1,2";
			};
			name = Debug;
		};
		046E44FD2A1CACFD007B323A /* Release */ = {
			isa = XCBuildConfiguration;
			baseConfigurationReference = DFBE99B858F93BD51DCDF1FC /* Pods-HappyMoney.release.xcconfig */;
			buildSettings = {
				ASSETCATALOG_COMPILER_APPICON_NAME = AppIcon;
				ASSETCATALOG_COMPILER_GLOBAL_ACCENT_COLOR_NAME = AccentColor;
				CODE_SIGN_IDENTITY = "Apple Development";
				"CODE_SIGN_IDENTITY[sdk=iphoneos*]" = "iPhone Developer";
				CODE_SIGN_STYLE = Manual;
				CURRENT_PROJECT_VERSION = 2;
				DEVELOPMENT_TEAM = "";
				"DEVELOPMENT_TEAM[sdk=iphoneos*]" = 2K446D59RQ;
				GENERATE_INFOPLIST_FILE = YES;
				INFOPLIST_FILE = HappyMoney/Info.plist;
				INFOPLIST_KEY_CFBundleDisplayName = "楽しい家計簿";
				INFOPLIST_KEY_LSApplicationCategoryType = "public.app-category.finance";
				INFOPLIST_KEY_UIApplicationSupportsIndirectInputEvents = YES;
				INFOPLIST_KEY_UILaunchStoryboardName = LaunchScreen;
				INFOPLIST_KEY_UIMainStoryboardFile = Main;
				INFOPLIST_KEY_UIStatusBarStyle = "";
				INFOPLIST_KEY_UISupportedInterfaceOrientations_iPad = "UIInterfaceOrientationPortrait UIInterfaceOrientationPortraitUpsideDown UIInterfaceOrientationLandscapeLeft UIInterfaceOrientationLandscapeRight";
				INFOPLIST_KEY_UISupportedInterfaceOrientations_iPhone = "UIInterfaceOrientationPortrait UIInterfaceOrientationLandscapeLeft UIInterfaceOrientationLandscapeRight";
				INFOPLIST_KEY_UIUserInterfaceStyle = Light;
				IPHONEOS_DEPLOYMENT_TARGET = 15.0;
				LD_RUNPATH_SEARCH_PATHS = (
					"$(inherited)",
					"@executable_path/Frameworks",
				);
				MARKETING_VERSION = 1.1;
				PRODUCT_BUNDLE_IDENTIFIER = app.fujii.maccha.HappyMoney;
				PRODUCT_NAME = "$(TARGET_NAME)";
				PROVISIONING_PROFILE_SPECIFIER = "";
				"PROVISIONING_PROFILE_SPECIFIER[sdk=iphoneos*]" = "L15-Fujii-Develop";
				SWIFT_EMIT_LOC_STRINGS = YES;
				SWIFT_VERSION = 5.0;
				TARGETED_DEVICE_FAMILY = "1,2";
			};
			name = Release;
		};
/* End XCBuildConfiguration section */

/* Begin XCConfigurationList section */
		046E44E22A1CACFB007B323A /* Build configuration list for PBXProject "HappyMoney" */ = {
			isa = XCConfigurationList;
			buildConfigurations = (
				046E44F92A1CACFD007B323A /* Debug */,
				046E44FA2A1CACFD007B323A /* Release */,
			);
			defaultConfigurationIsVisible = 0;
			defaultConfigurationName = Release;
		};
		046E44FB2A1CACFD007B323A /* Build configuration list for PBXNativeTarget "HappyMoney" */ = {
			isa = XCConfigurationList;
			buildConfigurations = (
				046E44FC2A1CACFD007B323A /* Debug */,
				046E44FD2A1CACFD007B323A /* Release */,
			);
			defaultConfigurationIsVisible = 0;
			defaultConfigurationName = Release;
		};
/* End XCConfigurationList section */

/* Begin XCRemoteSwiftPackageReference section */
		049DEB652A2356180062CEC9 /* XCRemoteSwiftPackageReference "realm-swift" */ = {
			isa = XCRemoteSwiftPackageReference;
			repositoryURL = "https://github.com/realm/realm-swift";
			requirement = {
				branch = master;
				kind = branch;
			};
		};
/* End XCRemoteSwiftPackageReference section */

/* Begin XCSwiftPackageProductDependency section */
		049DEB662A2356180062CEC9 /* Realm */ = {
			isa = XCSwiftPackageProductDependency;
			package = 049DEB652A2356180062CEC9 /* XCRemoteSwiftPackageReference "realm-swift" */;
			productName = Realm;
		};
		049DEB682A2356180062CEC9 /* RealmSwift */ = {
			isa = XCSwiftPackageProductDependency;
			package = 049DEB652A2356180062CEC9 /* XCRemoteSwiftPackageReference "realm-swift" */;
			productName = RealmSwift;
		};
/* End XCSwiftPackageProductDependency section */
	};
	rootObject = 046E44DF2A1CACFB007B323A /* Project object */;
}
